
Microsoft Visual Studio Solution File, Format Version 12.00
# Visual Studio 14
VisualStudioVersion = 14.0.25420.1
MinimumVisualStudioVersion = 10.0.40219.1
Project("{FAE04EC0-301F-11D3-BF4B-00C04F79EFBC}") = "EvoCity Radio Player", "EvoCity Radio Player\EvoCity Radio Player.csproj", "{D722E9A1-8FC5-4B8A-B93E-DA366DB5526D}"
EndProject
Project("{54435603-DBB4-11D2-8724-00A0C9A8B90C}") = "Setup", "Setup\Setup.vdproj", "{8B935BDA-C631-4252-84FF-68E55726A3A2}"
EndProject
Global
	GlobalSection(SolutionConfigurationPlatforms) = preSolution
		Debug|Any CPU = Debug|Any CPU
		Release|Any CPU = Release|Any CPU
	EndGlobalSection
	GlobalSection(ProjectConfigurationPlatforms) = postSolution
		{D722E9A1-8FC5-4B8A-B93E-DA366DB5526D}.Debug|Any CPU.ActiveCfg = Release|Any CPU
		{D722E9A1-8FC5-4B8A-B93E-DA366DB5526D}.Debug|Any CPU.Build.0 = Release|Any CPU
		{D722E9A1-8FC5-4B8A-B93E-DA366DB5526D}.Release|Any CPU.ActiveCfg = Release|Any CPU
		{D722E9A1-8FC5-4B8A-B93E-DA366DB5526D}.Release|Any CPU.Build.0 = Release|Any CPU
		{8B935BDA-C631-4252-84FF-68E55726A3A2}.Debug|Any CPU.ActiveCfg = Release
		{8B935BDA-C631-4252-84FF-68E55726A3A2}.Debug|Any CPU.Build.0 = Release
		{8B935BDA-C631-4252-84FF-68E55726A3A2}.Release|Any CPU.ActiveCfg = Release
		{8B935BDA-C631-4252-84FF-68E55726A3A2}.Release|Any CPU.Build.0 = Release
	EndGlobalSection
	GlobalSection(SolutionProperties) = preSolution
		HideSolutionNode = FALSE
	EndGlobalSection
EndGlobal
